
Microsoft Visual Studio Solution File, Format Version 12.00
# Visual Studio 15
VisualStudioVersion = 15.0.28010.2050
MinimumVisualStudioVersion = 10.0.40219.1
Project("{FAE04EC0-301F-11D3-BF4B-00C04F79EFBC}") = "Quizzerino", "Quizzerino\Quizzerino.csproj", "{EC196299-6FAB-45AA-BE0C-80C60E2302EA}"
EndProject
Global
	GlobalSection(SolutionConfigurationPlatforms) = preSolution
		Debug|Any CPU = Debug|Any CPU
		Release|Any CPU = Release|Any CPU
	EndGlobalSection
	GlobalSection(ProjectConfigurationPlatforms) = postSolution
		{EC196299-6FAB-45AA-BE0C-80C60E2302EA}.Debug|Any CPU.ActiveCfg = Debug|Any CPU
		{EC196299-6FAB-45AA-BE0C-80C60E2302EA}.Debug|Any CPU.Build.0 = Debug|Any CPU
		{EC196299-6FAB-45AA-BE0C-80C60E2302EA}.Release|Any CPU.ActiveCfg = Release|Any CPU
		{EC196299-6FAB-45AA-BE0C-80C60E2302EA}.Release|Any CPU.Build.0 = Release|Any CPU
	EndGlobalSection
	GlobalSection(SolutionProperties) = preSolution
		HideSolutionNode = FALSE
	EndGlobalSection
	GlobalSection(ExtensibilityGlobals) = postSolution
		SolutionGuid = {D616230E-60A6-42CA-BC67-7A8B34FD997F}
	EndGlobalSection
EndGlobal
